// !$*UTF8*$!
{
	archiveVersion = 1;
	classes = {
	};
	objectVersion = 56;
	objects = {

/* Begin PBXBuildFile section */
		764DFDCD2D0E0AB9006AA316 /* PokedexApp.swift in Sources */ = {isa = PBXBuildFile; fileRef = 764DFDCC2D0E0AB9006AA316 /* PokedexApp.swift */; };
		764DFDD12D0E0ABC006AA316 /* Assets.xcassets in Resources */ = {isa = PBXBuildFile; fileRef = 764DFDD02D0E0ABC006AA316 /* Assets.xcassets */; };
		764DFDD42D0E0ABC006AA316 /* Preview Assets.xcassets in Resources */ = {isa = PBXBuildFile; fileRef = 764DFDD32D0E0ABC006AA316 /* Preview Assets.xcassets */; };
		764DFDDE2D0E0ABC006AA316 /* PokedexTests.swift in Sources */ = {isa = PBXBuildFile; fileRef = 764DFDDD2D0E0ABC006AA316 /* PokedexTests.swift */; };
		764DFDE82D0E0ABC006AA316 /* PokedexUITests.swift in Sources */ = {isa = PBXBuildFile; fileRef = 764DFDE72D0E0ABC006AA316 /* PokedexUITests.swift */; };
		764DFDEA2D0E0ABC006AA316 /* PokedexUITestsLaunchTests.swift in Sources */ = {isa = PBXBuildFile; fileRef = 764DFDE92D0E0ABC006AA316 /* PokedexUITestsLaunchTests.swift */; };
		764DFDFE2D0E2774006AA316 /* PokemonType.swift in Sources */ = {isa = PBXBuildFile; fileRef = 764DFDFD2D0E2774006AA316 /* PokemonType.swift */; };
		7692DC4B2D0E46E300BB22E7 /* PokemonAPI in Frameworks */ = {isa = PBXBuildFile; productRef = 7692DC4A2D0E46E300BB22E7 /* PokemonAPI */; };
		7692DC4D2D0E621400BB22E7 /* PokemonViewModel.swift in Sources */ = {isa = PBXBuildFile; fileRef = 7692DC4C2D0E621400BB22E7 /* PokemonViewModel.swift */; };
		7692DC4F2D0E622700BB22E7 /* PokemonViewModelType.swift in Sources */ = {isa = PBXBuildFile; fileRef = 7692DC4E2D0E622700BB22E7 /* PokemonViewModelType.swift */; };
		7692DC512D0E625100BB22E7 /* PokemonListViewModel.swift in Sources */ = {isa = PBXBuildFile; fileRef = 7692DC502D0E625100BB22E7 /* PokemonListViewModel.swift */; };
		7692DC532D0E625F00BB22E7 /* PokemonListViewModelType.swift in Sources */ = {isa = PBXBuildFile; fileRef = 7692DC522D0E625F00BB22E7 /* PokemonListViewModelType.swift */; };
		7692DC552D0E678100BB22E7 /* PokemonListView.swift in Sources */ = {isa = PBXBuildFile; fileRef = 7692DC542D0E678100BB22E7 /* PokemonListView.swift */; };
		7692DC572D0E679100BB22E7 /* PokemonDetailView.swift in Sources */ = {isa = PBXBuildFile; fileRef = 7692DC562D0E679100BB22E7 /* PokemonDetailView.swift */; };
/* End PBXBuildFile section */

/* Begin PBXContainerItemProxy section */
		764DFDDA2D0E0ABC006AA316 /* PBXContainerItemProxy */ = {
			isa = PBXContainerItemProxy;
			containerPortal = 764DFDC12D0E0AB9006AA316 /* Project object */;
			proxyType = 1;
			remoteGlobalIDString = 764DFDC82D0E0AB9006AA316;
			remoteInfo = Pokedex;
		};
		764DFDE42D0E0ABC006AA316 /* PBXContainerItemProxy */ = {
			isa = PBXContainerItemProxy;
			containerPortal = 764DFDC12D0E0AB9006AA316 /* Project object */;
			proxyType = 1;
			remoteGlobalIDString = 764DFDC82D0E0AB9006AA316;
			remoteInfo = Pokedex;
		};
/* End PBXContainerItemProxy section */

/* Begin PBXFileReference section */
		763CFB512D0E42200012CD01 /* PokemonAPI */ = {isa = PBXFileReference; lastKnownFileType = wrapper; path = PokemonAPI; sourceTree = "<group>"; };
		764DFDC92D0E0AB9006AA316 /* Pokedex.app */ = {isa = PBXFileReference; explicitFileType = wrapper.application; includeInIndex = 0; path = Pokedex.app; sourceTree = BUILT_PRODUCTS_DIR; };
		764DFDCC2D0E0AB9006AA316 /* PokedexApp.swift */ = {isa = PBXFileReference; lastKnownFileType = sourcecode.swift; path = PokedexApp.swift; sourceTree = "<group>"; };
		764DFDD02D0E0ABC006AA316 /* Assets.xcassets */ = {isa = PBXFileReference; lastKnownFileType = folder.assetcatalog; path = Assets.xcassets; sourceTree = "<group>"; };
		764DFDD32D0E0ABC006AA316 /* Preview Assets.xcassets */ = {isa = PBXFileReference; lastKnownFileType = folder.assetcatalog; path = "Preview Assets.xcassets"; sourceTree = "<group>"; };
		764DFDD92D0E0ABC006AA316 /* PokedexTests.xctest */ = {isa = PBXFileReference; explicitFileType = wrapper.cfbundle; includeInIndex = 0; path = PokedexTests.xctest; sourceTree = BUILT_PRODUCTS_DIR; };
		764DFDDD2D0E0ABC006AA316 /* PokedexTests.swift */ = {isa = PBXFileReference; lastKnownFileType = sourcecode.swift; path = PokedexTests.swift; sourceTree = "<group>"; };
		764DFDE32D0E0ABC006AA316 /* PokedexUITests.xctest */ = {isa = PBXFileReference; explicitFileType = wrapper.cfbundle; includeInIndex = 0; path = PokedexUITests.xctest; sourceTree = BUILT_PRODUCTS_DIR; };
		764DFDE72D0E0ABC006AA316 /* PokedexUITests.swift */ = {isa = PBXFileReference; lastKnownFileType = sourcecode.swift; path = PokedexUITests.swift; sourceTree = "<group>"; };
		764DFDE92D0E0ABC006AA316 /* PokedexUITestsLaunchTests.swift */ = {isa = PBXFileReference; lastKnownFileType = sourcecode.swift; path = PokedexUITestsLaunchTests.swift; sourceTree = "<group>"; };
		764DFDFD2D0E2774006AA316 /* PokemonType.swift */ = {isa = PBXFileReference; lastKnownFileType = sourcecode.swift; path = PokemonType.swift; sourceTree = "<group>"; };
		7692DC4C2D0E621400BB22E7 /* PokemonViewModel.swift */ = {isa = PBXFileReference; lastKnownFileType = sourcecode.swift; path = PokemonViewModel.swift; sourceTree = "<group>"; };
		7692DC4E2D0E622700BB22E7 /* PokemonViewModelType.swift */ = {isa = PBXFileReference; lastKnownFileType = sourcecode.swift; path = PokemonViewModelType.swift; sourceTree = "<group>"; };
		7692DC502D0E625100BB22E7 /* PokemonListViewModel.swift */ = {isa = PBXFileReference; lastKnownFileType = sourcecode.swift; path = PokemonListViewModel.swift; sourceTree = "<group>"; };
		7692DC522D0E625F00BB22E7 /* PokemonListViewModelType.swift */ = {isa = PBXFileReference; lastKnownFileType = sourcecode.swift; path = PokemonListViewModelType.swift; sourceTree = "<group>"; };
		7692DC542D0E678100BB22E7 /* PokemonListView.swift */ = {isa = PBXFileReference; lastKnownFileType = sourcecode.swift; path = PokemonListView.swift; sourceTree = "<group>"; };
		7692DC562D0E679100BB22E7 /* PokemonDetailView.swift */ = {isa = PBXFileReference; lastKnownFileType = sourcecode.swift; path = PokemonDetailView.swift; sourceTree = "<group>"; };
/* End PBXFileReference section */

/* Begin PBXFrameworksBuildPhase section */
		764DFDC62D0E0AB9006AA316 /* Frameworks */ = {
			isa = PBXFrameworksBuildPhase;
			buildActionMask = 2147483647;
			files = (
				7692DC4B2D0E46E300BB22E7 /* PokemonAPI in Frameworks */,
			);
			runOnlyForDeploymentPostprocessing = 0;
		};
		764DFDD62D0E0ABC006AA316 /* Frameworks */ = {
			isa = PBXFrameworksBuildPhase;
			buildActionMask = 2147483647;
			files = (
			);
			runOnlyForDeploymentPostprocessing = 0;
		};
		764DFDE02D0E0ABC006AA316 /* Frameworks */ = {
			isa = PBXFrameworksBuildPhase;
			buildActionMask = 2147483647;
			files = (
			);
			runOnlyForDeploymentPostprocessing = 0;
		};
/* End PBXFrameworksBuildPhase section */

/* Begin PBXGroup section */
		763CFB502D0E41F80012CD01 /* Packages */ = {
			isa = PBXGroup;
			children = (
				763CFB512D0E42200012CD01 /* PokemonAPI */,
			);
			path = Packages;
			sourceTree = "<group>";
		};
		763CFB522D0E43BC0012CD01 /* Frameworks */ = {
			isa = PBXGroup;
			children = (
			);
			name = Frameworks;
			sourceTree = "<group>";
		};
		764DFDC02D0E0AB9006AA316 = {
			isa = PBXGroup;
			children = (
				763CFB502D0E41F80012CD01 /* Packages */,
				764DFDCB2D0E0AB9006AA316 /* Pokedex */,
				764DFDDC2D0E0ABC006AA316 /* PokedexTests */,
				764DFDE62D0E0ABC006AA316 /* PokedexUITests */,
				764DFDCA2D0E0AB9006AA316 /* Products */,
				763CFB522D0E43BC0012CD01 /* Frameworks */,
			);
			sourceTree = "<group>";
		};
		764DFDCA2D0E0AB9006AA316 /* Products */ = {
			isa = PBXGroup;
			children = (
				764DFDC92D0E0AB9006AA316 /* Pokedex.app */,
				764DFDD92D0E0ABC006AA316 /* PokedexTests.xctest */,
				764DFDE32D0E0ABC006AA316 /* PokedexUITests.xctest */,
			);
			name = Products;
			sourceTree = "<group>";
		};
		764DFDCB2D0E0AB9006AA316 /* Pokedex */ = {
			isa = PBXGroup;
			children = (
				764DFDFC2D0E2764006AA316 /* PokemonData */,
				764DFDCC2D0E0AB9006AA316 /* PokedexApp.swift */,
				7692DC542D0E678100BB22E7 /* PokemonListView.swift */,
				7692DC562D0E679100BB22E7 /* PokemonDetailView.swift */,
				764DFDD02D0E0ABC006AA316 /* Assets.xcassets */,
				764DFDD22D0E0ABC006AA316 /* Preview Content */,
			);
			path = Pokedex;
			sourceTree = "<group>";
		};
		764DFDD22D0E0ABC006AA316 /* Preview Content */ = {
			isa = PBXGroup;
			children = (
				764DFDD32D0E0ABC006AA316 /* Preview Assets.xcassets */,
			);
			path = "Preview Content";
			sourceTree = "<group>";
		};
		764DFDDC2D0E0ABC006AA316 /* PokedexTests */ = {
			isa = PBXGroup;
			children = (
				764DFDDD2D0E0ABC006AA316 /* PokedexTests.swift */,
			);
			path = PokedexTests;
			sourceTree = "<group>";
		};
		764DFDE62D0E0ABC006AA316 /* PokedexUITests */ = {
			isa = PBXGroup;
			children = (
				764DFDE72D0E0ABC006AA316 /* PokedexUITests.swift */,
				764DFDE92D0E0ABC006AA316 /* PokedexUITestsLaunchTests.swift */,
			);
			path = PokedexUITests;
			sourceTree = "<group>";
		};
		764DFDFC2D0E2764006AA316 /* PokemonData */ = {
			isa = PBXGroup;
			children = (
				764DFDFD2D0E2774006AA316 /* PokemonType.swift */,
				7692DC4C2D0E621400BB22E7 /* PokemonViewModel.swift */,
				7692DC4E2D0E622700BB22E7 /* PokemonViewModelType.swift */,
				7692DC502D0E625100BB22E7 /* PokemonListViewModel.swift */,
				7692DC522D0E625F00BB22E7 /* PokemonListViewModelType.swift */,
			);
			path = PokemonData;
			sourceTree = "<group>";
		};
/* End PBXGroup section */

/* Begin PBXNativeTarget section */
		764DFDC82D0E0AB9006AA316 /* Pokedex */ = {
			isa = PBXNativeTarget;
			buildConfigurationList = 764DFDED2D0E0ABC006AA316 /* Build configuration list for PBXNativeTarget "Pokedex" */;
			buildPhases = (
				764DFDC52D0E0AB9006AA316 /* Sources */,
				764DFDC62D0E0AB9006AA316 /* Frameworks */,
				764DFDC72D0E0AB9006AA316 /* Resources */,
			);
			buildRules = (
			);
			dependencies = (
			);
			name = Pokedex;
			packageProductDependencies = (
				7692DC4A2D0E46E300BB22E7 /* PokemonAPI */,
			);
			productName = Pokedex;
			productReference = 764DFDC92D0E0AB9006AA316 /* Pokedex.app */;
			productType = "com.apple.product-type.application";
		};
		764DFDD82D0E0ABC006AA316 /* PokedexTests */ = {
			isa = PBXNativeTarget;
			buildConfigurationList = 764DFDF02D0E0ABC006AA316 /* Build configuration list for PBXNativeTarget "PokedexTests" */;
			buildPhases = (
				764DFDD52D0E0ABC006AA316 /* Sources */,
				764DFDD62D0E0ABC006AA316 /* Frameworks */,
				764DFDD72D0E0ABC006AA316 /* Resources */,
			);
			buildRules = (
			);
			dependencies = (
				764DFDDB2D0E0ABC006AA316 /* PBXTargetDependency */,
			);
			name = PokedexTests;
			productName = PokedexTests;
			productReference = 764DFDD92D0E0ABC006AA316 /* PokedexTests.xctest */;
			productType = "com.apple.product-type.bundle.unit-test";
		};
		764DFDE22D0E0ABC006AA316 /* PokedexUITests */ = {
			isa = PBXNativeTarget;
			buildConfigurationList = 764DFDF32D0E0ABC006AA316 /* Build configuration list for PBXNativeTarget "PokedexUITests" */;
			buildPhases = (
				764DFDDF2D0E0ABC006AA316 /* Sources */,
				764DFDE02D0E0ABC006AA316 /* Frameworks */,
				764DFDE12D0E0ABC006AA316 /* Resources */,
			);
			buildRules = (
			);
			dependencies = (
				764DFDE52D0E0ABC006AA316 /* PBXTargetDependency */,
			);
			name = PokedexUITests;
			productName = PokedexUITests;
			productReference = 764DFDE32D0E0ABC006AA316 /* PokedexUITests.xctest */;
			productType = "com.apple.product-type.bundle.ui-testing";
		};
/* End PBXNativeTarget section */

/* Begin PBXProject section */
		764DFDC12D0E0AB9006AA316 /* Project object */ = {
			isa = PBXProject;
			attributes = {
				BuildIndependentTargetsInParallel = 1;
				LastSwiftUpdateCheck = 1520;
				LastUpgradeCheck = 1520;
				TargetAttributes = {
					764DFDC82D0E0AB9006AA316 = {
						CreatedOnToolsVersion = 15.2;
					};
					764DFDD82D0E0ABC006AA316 = {
						CreatedOnToolsVersion = 15.2;
						TestTargetID = 764DFDC82D0E0AB9006AA316;
					};
					764DFDE22D0E0ABC006AA316 = {
						CreatedOnToolsVersion = 15.2;
						TestTargetID = 764DFDC82D0E0AB9006AA316;
					};
				};
			};
			buildConfigurationList = 764DFDC42D0E0AB9006AA316 /* Build configuration list for PBXProject "Pokedex" */;
			compatibilityVersion = "Xcode 14.0";
			developmentRegion = en;
			hasScannedForEncodings = 0;
			knownRegions = (
				en,
				Base,
			);
			mainGroup = 764DFDC02D0E0AB9006AA316;
			packageReferences = (
			);
			productRefGroup = 764DFDCA2D0E0AB9006AA316 /* Products */;
			projectDirPath = "";
			projectRoot = "";
			targets = (
				764DFDC82D0E0AB9006AA316 /* Pokedex */,
				764DFDD82D0E0ABC006AA316 /* PokedexTests */,
				764DFDE22D0E0ABC006AA316 /* PokedexUITests */,
			);
		};
/* End PBXProject section */

/* Begin PBXResourcesBuildPhase section */
		764DFDC72D0E0AB9006AA316 /* Resources */ = {
			isa = PBXResourcesBuildPhase;
			buildActionMask = 2147483647;
			files = (
				764DFDD42D0E0ABC006AA316 /* Preview Assets.xcassets in Resources */,
				764DFDD12D0E0ABC006AA316 /* Assets.xcassets in Resources */,
			);
			runOnlyForDeploymentPostprocessing = 0;
		};
		764DFDD72D0E0ABC006AA316 /* Resources */ = {
			isa = PBXResourcesBuildPhase;
			buildActionMask = 2147483647;
			files = (
			);
			runOnlyForDeploymentPostprocessing = 0;
		};
		764DFDE12D0E0ABC006AA316 /* Resources */ = {
			isa = PBXResourcesBuildPhase;
			buildActionMask = 2147483647;
			files = (
			);
			runOnlyForDeploymentPostprocessing = 0;
		};
/* End PBXResourcesBuildPhase section */

/* Begin PBXSourcesBuildPhase section */
		764DFDC52D0E0AB9006AA316 /* Sources */ = {
			isa = PBXSourcesBuildPhase;
			buildActionMask = 2147483647;
			files = (
				7692DC552D0E678100BB22E7 /* PokemonListView.swift in Sources */,
				7692DC4F2D0E622700BB22E7 /* PokemonViewModelType.swift in Sources */,
				7692DC572D0E679100BB22E7 /* PokemonDetailView.swift in Sources */,
				7692DC4D2D0E621400BB22E7 /* PokemonViewModel.swift in Sources */,
				7692DC532D0E625F00BB22E7 /* PokemonListViewModelType.swift in Sources */,
				7692DC512D0E625100BB22E7 /* PokemonListViewModel.swift in Sources */,
				764DFDFE2D0E2774006AA316 /* PokemonType.swift in Sources */,
				764DFDCD2D0E0AB9006AA316 /* PokedexApp.swift in Sources */,
			);
			runOnlyForDeploymentPostprocessing = 0;
		};
		764DFDD52D0E0ABC006AA316 /* Sources */ = {
			isa = PBXSourcesBuildPhase;
			buildActionMask = 2147483647;
			files = (
				764DFDDE2D0E0ABC006AA316 /* PokedexTests.swift in Sources */,
			);
			runOnlyForDeploymentPostprocessing = 0;
		};
		764DFDDF2D0E0ABC006AA316 /* Sources */ = {
			isa = PBXSourcesBuildPhase;
			buildActionMask = 2147483647;
			files = (
				764DFDE82D0E0ABC006AA316 /* PokedexUITests.swift in Sources */,
				764DFDEA2D0E0ABC006AA316 /* PokedexUITestsLaunchTests.swift in Sources */,
			);
			runOnlyForDeploymentPostprocessing = 0;
		};
/* End PBXSourcesBuildPhase section */

/* Begin PBXTargetDependency section */
		764DFDDB2D0E0ABC006AA316 /* PBXTargetDependency */ = {
			isa = PBXTargetDependency;
			target = 764DFDC82D0E0AB9006AA316 /* Pokedex */;
			targetProxy = 764DFDDA2D0E0ABC006AA316 /* PBXContainerItemProxy */;
		};
		764DFDE52D0E0ABC006AA316 /* PBXTargetDependency */ = {
			isa = PBXTargetDependency;
			target = 764DFDC82D0E0AB9006AA316 /* Pokedex */;
			targetProxy = 764DFDE42D0E0ABC006AA316 /* PBXContainerItemProxy */;
		};
/* End PBXTargetDependency section */

/* Begin XCBuildConfiguration section */
		764DFDEB2D0E0ABC006AA316 /* Debug */ = {
			isa = XCBuildConfiguration;
			buildSettings = {
				ALWAYS_SEARCH_USER_PATHS = NO;
				ASSETCATALOG_COMPILER_GENERATE_SWIFT_ASSET_SYMBOL_EXTENSIONS = YES;
				CLANG_ANALYZER_NONNULL = YES;
				CLANG_ANALYZER_NUMBER_OBJECT_CONVERSION = YES_AGGRESSIVE;
				CLANG_CXX_LANGUAGE_STANDARD = "gnu++20";
				CLANG_ENABLE_MODULES = YES;
				CLANG_ENABLE_OBJC_ARC = YES;
				CLANG_ENABLE_OBJC_WEAK = YES;
				CLANG_WARN_BLOCK_CAPTURE_AUTORELEASING = YES;
				CLANG_WARN_BOOL_CONVERSION = YES;
				CLANG_WARN_COMMA = YES;
				CLANG_WARN_CONSTANT_CONVERSION = YES;
				CLANG_WARN_DEPRECATED_OBJC_IMPLEMENTATIONS = YES;
				CLANG_WARN_DIRECT_OBJC_ISA_USAGE = YES_ERROR;
				CLANG_WARN_DOCUMENTATION_COMMENTS = YES;
				CLANG_WARN_EMPTY_BODY = YES;
				CLANG_WARN_ENUM_CONVERSION = YES;
				CLANG_WARN_INFINITE_RECURSION = YES;
				CLANG_WARN_INT_CONVERSION = YES;
				CLANG_WARN_NON_LITERAL_NULL_CONVERSION = YES;
				CLANG_WARN_OBJC_IMPLICIT_RETAIN_SELF = YES;
				CLANG_WARN_OBJC_LITERAL_CONVERSION = YES;
				CLANG_WARN_OBJC_ROOT_CLASS = YES_ERROR;
				CLANG_WARN_QUOTED_INCLUDE_IN_FRAMEWORK_HEADER = YES;
				CLANG_WARN_RANGE_LOOP_ANALYSIS = YES;
				CLANG_WARN_STRICT_PROTOTYPES = YES;
				CLANG_WARN_SUSPICIOUS_MOVE = YES;
				CLANG_WARN_UNGUARDED_AVAILABILITY = YES_AGGRESSIVE;
				CLANG_WARN_UNREACHABLE_CODE = YES;
				CLANG_WARN__DUPLICATE_METHOD_MATCH = YES;
				COPY_PHASE_STRIP = NO;
				DEBUG_INFORMATION_FORMAT = dwarf;
				ENABLE_STRICT_OBJC_MSGSEND = YES;
				ENABLE_TESTABILITY = YES;
				ENABLE_USER_SCRIPT_SANDBOXING = YES;
				GCC_C_LANGUAGE_STANDARD = gnu17;
				GCC_DYNAMIC_NO_PIC = NO;
				GCC_NO_COMMON_BLOCKS = YES;
				GCC_OPTIMIZATION_LEVEL = 0;
				GCC_PREPROCESSOR_DEFINITIONS = (
					"DEBUG=1",
					"$(inherited)",
				);
				GCC_WARN_64_TO_32_BIT_CONVERSION = YES;
				GCC_WARN_ABOUT_RETURN_TYPE = YES_ERROR;
				GCC_WARN_UNDECLARED_SELECTOR = YES;
				GCC_WARN_UNINITIALIZED_AUTOS = YES_AGGRESSIVE;
				GCC_WARN_UNUSED_FUNCTION = YES;
				GCC_WARN_UNUSED_VARIABLE = YES;
				IPHONEOS_DEPLOYMENT_TARGET = 17.2;
				LOCALIZATION_PREFERS_STRING_CATALOGS = YES;
				MTL_ENABLE_DEBUG_INFO = INCLUDE_SOURCE;
				MTL_FAST_MATH = YES;
				ONLY_ACTIVE_ARCH = YES;
				SDKROOT = iphoneos;
				SWIFT_ACTIVE_COMPILATION_CONDITIONS = "DEBUG $(inherited)";
				SWIFT_OPTIMIZATION_LEVEL = "-Onone";
			};
			name = Debug;
		};
		764DFDEC2D0E0ABC006AA316 /* Release */ = {
			isa = XCBuildConfiguration;
			buildSettings = {
				ALWAYS_SEARCH_USER_PATHS = NO;
				ASSETCATALOG_COMPILER_GENERATE_SWIFT_ASSET_SYMBOL_EXTENSIONS = YES;
				CLANG_ANALYZER_NONNULL = YES;
				CLANG_ANALYZER_NUMBER_OBJECT_CONVERSION = YES_AGGRESSIVE;
				CLANG_CXX_LANGUAGE_STANDARD = "gnu++20";
				CLANG_ENABLE_MODULES = YES;
				CLANG_ENABLE_OBJC_ARC = YES;
				CLANG_ENABLE_OBJC_WEAK = YES;
				CLANG_WARN_BLOCK_CAPTURE_AUTORELEASING = YES;
				CLANG_WARN_BOOL_CONVERSION = YES;
				CLANG_WARN_COMMA = YES;
				CLANG_WARN_CONSTANT_CONVERSION = YES;
				CLANG_WARN_DEPRECATED_OBJC_IMPLEMENTATIONS = YES;
				CLANG_WARN_DIRECT_OBJC_ISA_USAGE = YES_ERROR;
				CLANG_WARN_DOCUMENTATION_COMMENTS = YES;
				CLANG_WARN_EMPTY_BODY = YES;
				CLANG_WARN_ENUM_CONVERSION = YES;
				CLANG_WARN_INFINITE_RECURSION = YES;
				CLANG_WARN_INT_CONVERSION = YES;
				CLANG_WARN_NON_LITERAL_NULL_CONVERSION = YES;
				CLANG_WARN_OBJC_IMPLICIT_RETAIN_SELF = YES;
				CLANG_WARN_OBJC_LITERAL_CONVERSION = YES;
				CLANG_WARN_OBJC_ROOT_CLASS = YES_ERROR;
				CLANG_WARN_QUOTED_INCLUDE_IN_FRAMEWORK_HEADER = YES;
				CLANG_WARN_RANGE_LOOP_ANALYSIS = YES;
				CLANG_WARN_STRICT_PROTOTYPES = YES;
				CLANG_WARN_SUSPICIOUS_MOVE = YES;
				CLANG_WARN_UNGUARDED_AVAILABILITY = YES_AGGRESSIVE;
				CLANG_WARN_UNREACHABLE_CODE = YES;
				CLANG_WARN__DUPLICATE_METHOD_MATCH = YES;
				COPY_PHASE_STRIP = NO;
				DEBUG_INFORMATION_FORMAT = "dwarf-with-dsym";
				ENABLE_NS_ASSERTIONS = NO;
				ENABLE_STRICT_OBJC_MSGSEND = YES;
				ENABLE_USER_SCRIPT_SANDBOXING = YES;
				GCC_C_LANGUAGE_STANDARD = gnu17;
				GCC_NO_COMMON_BLOCKS = YES;
				GCC_WARN_64_TO_32_BIT_CONVERSION = YES;
				GCC_WARN_ABOUT_RETURN_TYPE = YES_ERROR;
				GCC_WARN_UNDECLARED_SELECTOR = YES;
				GCC_WARN_UNINITIALIZED_AUTOS = YES_AGGRESSIVE;
				GCC_WARN_UNUSED_FUNCTION = YES;
				GCC_WARN_UNUSED_VARIABLE = YES;
				IPHONEOS_DEPLOYMENT_TARGET = 17.2;
				LOCALIZATION_PREFERS_STRING_CATALOGS = YES;
				MTL_ENABLE_DEBUG_INFO = NO;
				MTL_FAST_MATH = YES;
				SDKROOT = iphoneos;
				SWIFT_COMPILATION_MODE = wholemodule;
				VALIDATE_PRODUCT = YES;
			};
			name = Release;
		};
		764DFDEE2D0E0ABC006AA316 /* Debug */ = {
			isa = XCBuildConfiguration;
			buildSettings = {
				ASSETCATALOG_COMPILER_APPICON_NAME = AppIcon;
				ASSETCATALOG_COMPILER_GLOBAL_ACCENT_COLOR_NAME = AccentColor;
				CODE_SIGN_STYLE = Automatic;
				CURRENT_PROJECT_VERSION = 1;
				DEVELOPMENT_ASSET_PATHS = "\"Pokedex/Preview Content\"";
				DEVELOPMENT_TEAM = 9434T587C9;
				ENABLE_PREVIEWS = YES;
				GENERATE_INFOPLIST_FILE = YES;
				INFOPLIST_KEY_UIApplicationSceneManifest_Generation = YES;
				INFOPLIST_KEY_UIApplicationSupportsIndirectInputEvents = YES;
				INFOPLIST_KEY_UILaunchScreen_Generation = YES;
				INFOPLIST_KEY_UISupportedInterfaceOrientations_iPad = "UIInterfaceOrientationPortrait UIInterfaceOrientationPortraitUpsideDown UIInterfaceOrientationLandscapeLeft UIInterfaceOrientationLandscapeRight";
				INFOPLIST_KEY_UISupportedInterfaceOrientations_iPhone = "UIInterfaceOrientationPortrait UIInterfaceOrientationLandscapeLeft UIInterfaceOrientationLandscapeRight";
				LD_RUNPATH_SEARCH_PATHS = (
					"$(inherited)",
					"@executable_path/Frameworks",
				);
				MARKETING_VERSION = 1.0;
				PRODUCT_BUNDLE_IDENTIFIER = com.demo.victoriassecret.Pokedex;
				PRODUCT_NAME = "$(TARGET_NAME)";
				SUPPORTED_PLATFORMS = "iphoneos iphonesimulator";
				SUPPORTS_MACCATALYST = NO;
				SUPPORTS_MAC_DESIGNED_FOR_IPHONE_IPAD = NO;
				SUPPORTS_XR_DESIGNED_FOR_IPHONE_IPAD = NO;
				SWIFT_EMIT_LOC_STRINGS = YES;
				SWIFT_VERSION = 5.0;
				TARGETED_DEVICE_FAMILY = 1;
			};
			name = Debug;
		};
		764DFDEF2D0E0ABC006AA316 /* Release */ = {
			isa = XCBuildConfiguration;
			buildSettings = {
				ASSETCATALOG_COMPILER_APPICON_NAME = AppIcon;
				ASSETCATALOG_COMPILER_GLOBAL_ACCENT_COLOR_NAME = AccentColor;
				CODE_SIGN_STYLE = Automatic;
				CURRENT_PROJECT_VERSION = 1;
				DEVELOPMENT_ASSET_PATHS = "\"Pokedex/Preview Content\"";
				DEVELOPMENT_TEAM = 9434T587C9;
				ENABLE_PREVIEWS = YES;
				GENERATE_INFOPLIST_FILE = YES;
				INFOPLIST_FILE = Pokedex/Info.plist;
				INFOPLIST_KEY_UIApplicationSceneManifest_Generation = YES;
				INFOPLIST_KEY_UIApplicationSupportsIndirectInputEvents = YES;
				INFOPLIST_KEY_UILaunchScreen_Generation = YES;
				INFOPLIST_KEY_UISupportedInterfaceOrientations_iPad = "UIInterfaceOrientationPortrait UIInterfaceOrientationPortraitUpsideDown UIInterfaceOrientationLandscapeLeft UIInterfaceOrientationLandscapeRight";
				INFOPLIST_KEY_UISupportedInterfaceOrientations_iPhone = "UIInterfaceOrientationPortrait UIInterfaceOrientationLandscapeLeft UIInterfaceOrientationLandscapeRight";
				LD_RUNPATH_SEARCH_PATHS = (
					"$(inherited)",
					"@executable_path/Frameworks",
				);
				MARKETING_VERSION = 1.0;
				PRODUCT_BUNDLE_IDENTIFIER = com.demo.victoriassecret.Pokedex;
				PRODUCT_NAME = "$(TARGET_NAME)";
				SUPPORTED_PLATFORMS = "iphoneos iphonesimulator";
				SUPPORTS_MACCATALYST = NO;
				SUPPORTS_MAC_DESIGNED_FOR_IPHONE_IPAD = NO;
				SUPPORTS_XR_DESIGNED_FOR_IPHONE_IPAD = NO;
				SWIFT_EMIT_LOC_STRINGS = YES;
				SWIFT_VERSION = 5.0;
				TARGETED_DEVICE_FAMILY = 1;
			};
			name = Release;
		};
		764DFDF12D0E0ABC006AA316 /* Debug */ = {
			isa = XCBuildConfiguration;
			buildSettings = {
				ALWAYS_EMBED_SWIFT_STANDARD_LIBRARIES = YES;
				BUNDLE_LOADER = "$(TEST_HOST)";
				CODE_SIGN_STYLE = Automatic;
				CURRENT_PROJECT_VERSION = 1;
				DEVELOPMENT_TEAM = 9434T587C9;
				GENERATE_INFOPLIST_FILE = YES;
				IPHONEOS_DEPLOYMENT_TARGET = 17.2;
				MARKETING_VERSION = 1.0;
				PRODUCT_BUNDLE_IDENTIFIER = com.demo.victoriassecret.PokedexTests;
				PRODUCT_NAME = "$(TARGET_NAME)";
				SWIFT_EMIT_LOC_STRINGS = NO;
				SWIFT_VERSION = 5.0;
				TARGETED_DEVICE_FAMILY = "1,2";
				TEST_HOST = "$(BUILT_PRODUCTS_DIR)/Pokedex.app/$(BUNDLE_EXECUTABLE_FOLDER_PATH)/Pokedex";
			};
			name = Debug;
		};
		764DFDF22D0E0ABC006AA316 /* Release */ = {
			isa = XCBuildConfiguration;
			buildSettings = {
				ALWAYS_EMBED_SWIFT_STANDARD_LIBRARIES = YES;
				BUNDLE_LOADER = "$(TEST_HOST)";
				CODE_SIGN_STYLE = Automatic;
				CURRENT_PROJECT_VERSION = 1;
				DEVELOPMENT_TEAM = 9434T587C9;
				GENERATE_INFOPLIST_FILE = YES;
				IPHONEOS_DEPLOYMENT_TARGET = 17.2;
				MARKETING_VERSION = 1.0;
				PRODUCT_BUNDLE_IDENTIFIER = com.demo.victoriassecret.PokedexTests;
				PRODUCT_NAME = "$(TARGET_NAME)";
				SWIFT_EMIT_LOC_STRINGS = NO;
				SWIFT_VERSION = 5.0;
				TARGETED_DEVICE_FAMILY = "1,2";
				TEST_HOST = "$(BUILT_PRODUCTS_DIR)/Pokedex.app/$(BUNDLE_EXECUTABLE_FOLDER_PATH)/Pokedex";
			};
			name = Release;
		};
		764DFDF42D0E0ABC006AA316 /* Debug */ = {
			isa = XCBuildConfiguration;
			buildSettings = {
				ALWAYS_EMBED_SWIFT_STANDARD_LIBRARIES = YES;
				CODE_SIGN_STYLE = Automatic;
				CURRENT_PROJECT_VERSION = 1;
				DEVELOPMENT_TEAM = 9434T587C9;
				GENERATE_INFOPLIST_FILE = YES;
				MARKETING_VERSION = 1.0;
				PRODUCT_BUNDLE_IDENTIFIER = com.demo.victoriassecret.PokedexUITests;
				PRODUCT_NAME = "$(TARGET_NAME)";
				SWIFT_EMIT_LOC_STRINGS = NO;
				SWIFT_VERSION = 5.0;
				TARGETED_DEVICE_FAMILY = "1,2";
				TEST_TARGET_NAME = Pokedex;
			};
			name = Debug;
		};
		764DFDF52D0E0ABC006AA316 /* Release */ = {
			isa = XCBuildConfiguration;
			buildSettings = {
				ALWAYS_EMBED_SWIFT_STANDARD_LIBRARIES = YES;
				CODE_SIGN_STYLE = Automatic;
				CURRENT_PROJECT_VERSION = 1;
				DEVELOPMENT_TEAM = 9434T587C9;
				GENERATE_INFOPLIST_FILE = YES;
				MARKETING_VERSION = 1.0;
				PRODUCT_BUNDLE_IDENTIFIER = com.demo.victoriassecret.PokedexUITests;
				PRODUCT_NAME = "$(TARGET_NAME)";
				SWIFT_EMIT_LOC_STRINGS = NO;
				SWIFT_VERSION = 5.0;
				TARGETED_DEVICE_FAMILY = "1,2";
				TEST_TARGET_NAME = Pokedex;
			};
			name = Release;
		};
/* End XCBuildConfiguration section */

/* Begin XCConfigurationList section */
		764DFDC42D0E0AB9006AA316 /* Build configuration list for PBXProject "Pokedex" */ = {
			isa = XCConfigurationList;
			buildConfigurations = (
				764DFDEB2D0E0ABC006AA316 /* Debug */,
				764DFDEC2D0E0ABC006AA316 /* Release */,
			);
			defaultConfigurationIsVisible = 0;
			defaultConfigurationName = Release;
		};
		764DFDED2D0E0ABC006AA316 /* Build configuration list for PBXNativeTarget "Pokedex" */ = {
			isa = XCConfigurationList;
			buildConfigurations = (
				764DFDEE2D0E0ABC006AA316 /* Debug */,
				764DFDEF2D0E0ABC006AA316 /* Release */,
			);
			defaultConfigurationIsVisible = 0;
			defaultConfigurationName = Release;
		};
		764DFDF02D0E0ABC006AA316 /* Build configuration list for PBXNativeTarget "PokedexTests" */ = {
			isa = XCConfigurationList;
			buildConfigurations = (
				764DFDF12D0E0ABC006AA316 /* Debug */,
				764DFDF22D0E0ABC006AA316 /* Release */,
			);
			defaultConfigurationIsVisible = 0;
			defaultConfigurationName = Release;
		};
		764DFDF32D0E0ABC006AA316 /* Build configuration list for PBXNativeTarget "PokedexUITests" */ = {
			isa = XCConfigurationList;
			buildConfigurations = (
				764DFDF42D0E0ABC006AA316 /* Debug */,
				764DFDF52D0E0ABC006AA316 /* Release */,
			);
			defaultConfigurationIsVisible = 0;
			defaultConfigurationName = Release;
		};
/* End XCConfigurationList section */

/* Begin XCSwiftPackageProductDependency section */
		7692DC4A2D0E46E300BB22E7 /* PokemonAPI */ = {
			isa = XCSwiftPackageProductDependency;
			productName = PokemonAPI;
		};
/* End XCSwiftPackageProductDependency section */
	};
	rootObject = 764DFDC12D0E0AB9006AA316 /* Project object */;
}
